// !$*UTF8*$!
{
	archiveVersion = 1;
	classes = {
	};
	objectVersion = 46;
	objects = {

/* Begin PBXBuildFile section */
		668CA6A31B2E95CD0017A10B /* main.m in Sources */ = {isa = PBXBuildFile; fileRef = 668CA6A21B2E95CD0017A10B /* main.m */; };
		668CA6A61B2E95CD0017A10B /* AppDelegate.m in Sources */ = {isa = PBXBuildFile; fileRef = 668CA6A51B2E95CD0017A10B /* AppDelegate.m */; };
		668CA6A91B2E95CD0017A10B /* ViewController.m in Sources */ = {isa = PBXBuildFile; fileRef = 668CA6A81B2E95CD0017A10B /* ViewController.m */; };
		668CA6AC1B2E95CD0017A10B /* Main.storyboard in Resources */ = {isa = PBXBuildFile; fileRef = 668CA6AA1B2E95CD0017A10B /* Main.storyboard */; };
		668CA6AE1B2E95CD0017A10B /* Images.xcassets in Resources */ = {isa = PBXBuildFile; fileRef = 668CA6AD1B2E95CD0017A10B /* Images.xcassets */; };
		668CA6B11B2E95CD0017A10B /* LaunchScreen.xib in Resources */ = {isa = PBXBuildFile; fileRef = 668CA6AF1B2E95CD0017A10B /* LaunchScreen.xib */; };
		668CA6BD1B2E95CD0017A10B /* Color_ClockTests.m in Sources */ = {isa = PBXBuildFile; fileRef = 668CA6BC1B2E95CD0017A10B /* Color_ClockTests.m */; };
/* End PBXBuildFile section */

/* Begin PBXContainerItemProxy section */
		668CA6B71B2E95CD0017A10B /* PBXContainerItemProxy */ = {
			isa = PBXContainerItemProxy;
			containerPortal = 668CA6951B2E95CD0017A10B /* Project object */;
			proxyType = 1;
			remoteGlobalIDString = 668CA69C1B2E95CD0017A10B;
			remoteInfo = "Color Clock";
		};
/* End PBXContainerItemProxy section */

/* Begin PBXFileReference section */
		668CA69D1B2E95CD0017A10B /* Color Clock.app */ = {isa = PBXFileReference; explicitFileType = wrapper.application; includeInIndex = 0; path = "Color Clock.app"; sourceTree = BUILT_PRODUCTS_DIR; };
		668CA6A11B2E95CD0017A10B /* Info.plist */ = {isa = PBXFileReference; lastKnownFileType = text.plist.xml; path = Info.plist; sourceTree = "<group>"; };
		668CA6A21B2E95CD0017A10B /* main.m */ = {isa = PBXFileReference; lastKnownFileType = sourcecode.c.objc; path = main.m; sourceTree = "<group>"; };
		668CA6A41B2E95CD0017A10B /* AppDelegate.h */ = {isa = PBXFileReference; lastKnownFileType = sourcecode.c.h; path = AppDelegate.h; sourceTree = "<group>"; };
		668CA6A51B2E95CD0017A10B /* AppDelegate.m */ = {isa = PBXFileReference; lastKnownFileType = sourcecode.c.objc; path = AppDelegate.m; sourceTree = "<group>"; };
		668CA6A71B2E95CD0017A10B /* ViewController.h */ = {isa = PBXFileReference; lastKnownFileType = sourcecode.c.h; path = ViewController.h; sourceTree = "<group>"; };
		668CA6A81B2E95CD0017A10B /* ViewController.m */ = {isa = PBXFileReference; lastKnownFileType = sourcecode.c.objc; path = ViewController.m; sourceTree = "<group>"; };
		668CA6AB1B2E95CD0017A10B /* Base */ = {isa = PBXFileReference; lastKnownFileType = file.storyboard; name = Base; path = Base.lproj/Main.storyboard; sourceTree = "<group>"; };
		668CA6AD1B2E95CD0017A10B /* Images.xcassets */ = {isa = PBXFileReference; lastKnownFileType = folder.assetcatalog; path = Images.xcassets; sourceTree = "<group>"; };
		668CA6B01B2E95CD0017A10B /* Base */ = {isa = PBXFileReference; lastKnownFileType = file.xib; name = Base; path = Base.lproj/LaunchScreen.xib; sourceTree = "<group>"; };
		668CA6B61B2E95CD0017A10B /* Color ClockTests.xctest */ = {isa = PBXFileReference; explicitFileType = wrapper.cfbundle; includeInIndex = 0; path = "Color ClockTests.xctest"; sourceTree = BUILT_PRODUCTS_DIR; };
		668CA6BB1B2E95CD0017A10B /* Info.plist */ = {isa = PBXFileReference; lastKnownFileType = text.plist.xml; path = Info.plist; sourceTree = "<group>"; };
		668CA6BC1B2E95CD0017A10B /* Color_ClockTests.m */ = {isa = PBXFileReference; lastKnownFileType = sourcecode.c.objc; path = Color_ClockTests.m; sourceTree = "<group>"; };
/* End PBXFileReference section */

/* Begin PBXFrameworksBuildPhase section */
		668CA69A1B2E95CD0017A10B /* Frameworks */ = {
			isa = PBXFrameworksBuildPhase;
			buildActionMask = 2147483647;
			files = (
			);
			runOnlyForDeploymentPostprocessing = 0;
		};
		668CA6B31B2E95CD0017A10B /* Frameworks */ = {
			isa = PBXFrameworksBuildPhase;
			buildActionMask = 2147483647;
			files = (
			);
			runOnlyForDeploymentPostprocessing = 0;
		};
/* End PBXFrameworksBuildPhase section */

/* Begin PBXGroup section */
		668CA6941B2E95CD0017A10B = {
			isa = PBXGroup;
			children = (
				668CA69F1B2E95CD0017A10B /* Color Clock */,
				668CA6B91B2E95CD0017A10B /* Color ClockTests */,
				668CA69E1B2E95CD0017A10B /* Products */,
			);
			sourceTree = "<group>";
		};
		668CA69E1B2E95CD0017A10B /* Products */ = {
			isa = PBXGroup;
			children = (
				668CA69D1B2E95CD0017A10B /* Color Clock.app */,
				668CA6B61B2E95CD0017A10B /* Color ClockTests.xctest */,
			);
			name = Products;
			sourceTree = "<group>";
		};
		668CA69F1B2E95CD0017A10B /* Color Clock */ = {
			isa = PBXGroup;
			children = (
				668CA6A41B2E95CD0017A10B /* AppDelegate.h */,
				668CA6A51B2E95CD0017A10B /* AppDelegate.m */,
				668CA6A71B2E95CD0017A10B /* ViewController.h */,
				668CA6A81B2E95CD0017A10B /* ViewController.m */,
				668CA6AA1B2E95CD0017A10B /* Main.storyboard */,
				668CA6AD1B2E95CD0017A10B /* Images.xcassets */,
				668CA6AF1B2E95CD0017A10B /* LaunchScreen.xib */,
				668CA6A01B2E95CD0017A10B /* Supporting Files */,
			);
			path = "Color Clock";
			sourceTree = "<group>";
		};
		668CA6A01B2E95CD0017A10B /* Supporting Files */ = {
			isa = PBXGroup;
			children = (
				668CA6A11B2E95CD0017A10B /* Info.plist */,
				668CA6A21B2E95CD0017A10B /* main.m */,
			);
			name = "Supporting Files";
			sourceTree = "<group>";
		};
		668CA6B91B2E95CD0017A10B /* Color ClockTests */ = {
			isa = PBXGroup;
			children = (
				668CA6BC1B2E95CD0017A10B /* Color_ClockTests.m */,
				668CA6BA1B2E95CD0017A10B /* Supporting Files */,
			);
			path = "Color ClockTests";
			sourceTree = "<group>";
		};
		668CA6BA1B2E95CD0017A10B /* Supporting Files */ = {
			isa = PBXGroup;
			children = (
				668CA6BB1B2E95CD0017A10B /* Info.plist */,
			);
			name = "Supporting Files";
			sourceTree = "<group>";
		};
/* End PBXGroup section */

/* Begin PBXNativeTarget section */
		668CA69C1B2E95CD0017A10B /* Color Clock */ = {
			isa = PBXNativeTarget;
			buildConfigurationList = 668CA6C01B2E95CD0017A10B /* Build configuration list for PBXNativeTarget "Color Clock" */;
			buildPhases = (
				668CA6991B2E95CD0017A10B /* Sources */,
				668CA69A1B2E95CD0017A10B /* Frameworks */,
				668CA69B1B2E95CD0017A10B /* Resources */,
			);
			buildRules = (
			);
			dependencies = (
			);
			name = "Color Clock";
			productName = "Color Clock";
			productReference = 668CA69D1B2E95CD0017A10B /* Color Clock.app */;
			productType = "com.apple.product-type.application";
		};
		668CA6B51B2E95CD0017A10B /* Color ClockTests */ = {
			isa = PBXNativeTarget;
			buildConfigurationList = 668CA6C31B2E95CD0017A10B /* Build configuration list for PBXNativeTarget "Color ClockTests" */;
			buildPhases = (
				668CA6B21B2E95CD0017A10B /* Sources */,
				668CA6B31B2E95CD0017A10B /* Frameworks */,
				668CA6B41B2E95CD0017A10B /* Resources */,
			);
			buildRules = (
			);
			dependencies = (
				668CA6B81B2E95CD0017A10B /* PBXTargetDependency */,
			);
			name = "Color ClockTests";
			productName = "Color ClockTests";
			productReference = 668CA6B61B2E95CD0017A10B /* Color ClockTests.xctest */;
			productType = "com.apple.product-type.bundle.unit-test";
		};
/* End PBXNativeTarget section */

/* Begin PBXProject section */
		668CA6951B2E95CD0017A10B /* Project object */ = {
			isa = PBXProject;
			attributes = {
				LastUpgradeCheck = 0630;
				ORGANIZATIONNAME = "Diogo Martins";
				TargetAttributes = {
					668CA69C1B2E95CD0017A10B = {
						CreatedOnToolsVersion = 6.3.2;
					};
					668CA6B51B2E95CD0017A10B = {
						CreatedOnToolsVersion = 6.3.2;
						TestTargetID = 668CA69C1B2E95CD0017A10B;
					};
				};
			};
			buildConfigurationList = 668CA6981B2E95CD0017A10B /* Build configuration list for PBXProject "Color Clock" */;
			compatibilityVersion = "Xcode 3.2";
			developmentRegion = English;
			hasScannedForEncodings = 0;
			knownRegions = (
				en,
				Base,
			);
			mainGroup = 668CA6941B2E95CD0017A10B;
			productRefGroup = 668CA69E1B2E95CD0017A10B /* Products */;
			projectDirPath = "";
			projectRoot = "";
			targets = (
				668CA69C1B2E95CD0017A10B /* Color Clock */,
				668CA6B51B2E95CD0017A10B /* Color ClockTests */,
			);
		};
/* End PBXProject section */

/* Begin PBXResourcesBuildPhase section */
		668CA69B1B2E95CD0017A10B /* Resources */ = {
			isa = PBXResourcesBuildPhase;
			buildActionMask = 2147483647;
			files = (
				668CA6AC1B2E95CD0017A10B /* Main.storyboard in Resources */,
				668CA6B11B2E95CD0017A10B /* LaunchScreen.xib in Resources */,
				668CA6AE1B2E95CD0017A10B /* Images.xcassets in Resources */,
			);
			runOnlyForDeploymentPostprocessing = 0;
		};
		668CA6B41B2E95CD0017A10B /* Resources */ = {
			isa = PBXResourcesBuildPhase;
			buildActionMask = 2147483647;
			files = (
			);
			runOnlyForDeploymentPostprocessing = 0;
		};
/* End PBXResourcesBuildPhase section */

/* Begin PBXSourcesBuildPhase section */
		668CA6991B2E95CD0017A10B /* Sources */ = {
			isa = PBXSourcesBuildPhase;
			buildActionMask = 2147483647;
			files = (
				668CA6A91B2E95CD0017A10B /* ViewController.m in Sources */,
				668CA6A61B2E95CD0017A10B /* AppDelegate.m in Sources */,
				668CA6A31B2E95CD0017A10B /* main.m in Sources */,
			);
			runOnlyForDeploymentPostprocessing = 0;
		};
		668CA6B21B2E95CD0017A10B /* Sources */ = {
			isa = PBXSourcesBuildPhase;
			buildActionMask = 2147483647;
			files = (
				668CA6BD1B2E95CD0017A10B /* Color_ClockTests.m in Sources */,
			);
			runOnlyForDeploymentPostprocessing = 0;
		};
/* End PBXSourcesBuildPhase section */

/* Begin PBXTargetDependency section */
		668CA6B81B2E95CD0017A10B /* PBXTargetDependency */ = {
			isa = PBXTargetDependency;
			target = 668CA69C1B2E95CD0017A10B /* Color Clock */;
			targetProxy = 668CA6B71B2E95CD0017A10B /* PBXContainerItemProxy */;
		};
/* End PBXTargetDependency section */

/* Begin PBXVariantGroup section */
		668CA6AA1B2E95CD0017A10B /* Main.storyboard */ = {
			isa = PBXVariantGroup;
			children = (
				668CA6AB1B2E95CD0017A10B /* Base */,
			);
			name = Main.storyboard;
			sourceTree = "<group>";
		};
		668CA6AF1B2E95CD0017A10B /* LaunchScreen.xib */ = {
			isa = PBXVariantGroup;
			children = (
				668CA6B01B2E95CD0017A10B /* Base */,
			);
			name = LaunchScreen.xib;
			sourceTree = "<group>";
		};
/* End PBXVariantGroup section */

/* Begin XCBuildConfiguration section */
		668CA6BE1B2E95CD0017A10B /* Debug */ = {
			isa = XCBuildConfiguration;
			buildSettings = {
				ALWAYS_SEARCH_USER_PATHS = NO;
				CLANG_CXX_LANGUAGE_STANDARD = "gnu++0x";
				CLANG_CXX_LIBRARY = "libc++";
				CLANG_ENABLE_MODULES = YES;
				CLANG_ENABLE_OBJC_ARC = YES;
				CLANG_WARN_BOOL_CONVERSION = YES;
				CLANG_WARN_CONSTANT_CONVERSION = YES;
				CLANG_WARN_DIRECT_OBJC_ISA_USAGE = YES_ERROR;
				CLANG_WARN_EMPTY_BODY = YES;
				CLANG_WARN_ENUM_CONVERSION = YES;
				CLANG_WARN_INT_CONVERSION = YES;
				CLANG_WARN_OBJC_ROOT_CLASS = YES_ERROR;
				CLANG_WARN_UNREACHABLE_CODE = YES;
				CLANG_WARN__DUPLICATE_METHOD_MATCH = YES;
				"CODE_SIGN_IDENTITY[sdk=iphoneos*]" = "iPhone Developer";
				COPY_PHASE_STRIP = NO;
				DEBUG_INFORMATION_FORMAT = "dwarf-with-dsym";
				ENABLE_STRICT_OBJC_MSGSEND = YES;
				GCC_C_LANGUAGE_STANDARD = gnu99;
				GCC_DYNAMIC_NO_PIC = NO;
				GCC_NO_COMMON_BLOCKS = YES;
				GCC_OPTIMIZATION_LEVEL = 0;
				GCC_PREPROCESSOR_DEFINITIONS = (
					"DEBUG=1",
					"$(inherited)",
				);
				GCC_SYMBOLS_PRIVATE_EXTERN = NO;
				GCC_WARN_64_TO_32_BIT_CONVERSION = YES;
				GCC_WARN_ABOUT_RETURN_TYPE = YES_ERROR;
				GCC_WARN_UNDECLARED_SELECTOR = YES;
				GCC_WARN_UNINITIALIZED_AUTOS = YES_AGGRESSIVE;
				GCC_WARN_UNUSED_FUNCTION = YES;
				GCC_WARN_UNUSED_VARIABLE = YES;
				IPHONEOS_DEPLOYMENT_TARGET = 8.3;
				MTL_ENABLE_DEBUG_INFO = YES;
				ONLY_ACTIVE_ARCH = YES;
				SDKROOT = iphoneos;
			};
			name = Debug;
		};
		668CA6BF1B2E95CD0017A10B /* Release */ = {
			isa = XCBuildConfiguration;
			buildSettings = {
				ALWAYS_SEARCH_USER_PATHS = NO;
				CLANG_CXX_LANGUAGE_STANDARD = "gnu++0x";
				CLANG_CXX_LIBRARY = "libc++";
				CLANG_ENABLE_MODULES = YES;
				CLANG_ENABLE_OBJC_ARC = YES;
				CLANG_WARN_BOOL_CONVERSION = YES;
				CLANG_WARN_CONSTANT_CONVERSION = YES;
				CLANG_WARN_DIRECT_OBJC_ISA_USAGE = YES_ERROR;
				CLANG_WARN_EMPTY_BODY = YES;
				CLANG_WARN_ENUM_CONVERSION = YES;
				CLANG_WARN_INT_CONVERSION = YES;
				CLANG_WARN_OBJC_ROOT_CLASS = YES_ERROR;
				CLANG_WARN_UNREACHABLE_CODE = YES;
				CLANG_WARN__DUPLICATE_METHOD_MATCH = YES;
				"CODE_SIGN_IDENTITY[sdk=iphoneos*]" = "iPhone Developer";
				COPY_PHASE_STRIP = NO;
				DEBUG_INFORMATION_FORMAT = "dwarf-with-dsym";
				ENABLE_NS_ASSERTIONS = NO;
				ENABLE_STRICT_OBJC_MSGSEND = YES;
				GCC_C_LANGUAGE_STANDARD = gnu99;
				GCC_NO_COMMON_BLOCKS = YES;
				GCC_WARN_64_TO_32_BIT_CONVERSION = YES;
				GCC_WARN_ABOUT_RETURN_TYPE = YES_ERROR;
				GCC_WARN_UNDECLARED_SELECTOR = YES;
				GCC_WARN_UNINITIALIZED_AUTOS = YES_AGGRESSIVE;
				GCC_WARN_UNUSED_FUNCTION = YES;
				GCC_WARN_UNUSED_VARIABLE = YES;
				IPHONEOS_DEPLOYMENT_TARGET = 8.3;
				MTL_ENABLE_DEBUG_INFO = NO;
				SDKROOT = iphoneos;
				VALIDATE_PRODUCT = YES;
			};
			name = Release;
		};
		668CA6C11B2E95CD0017A10B /* Debug */ = {
			isa = XCBuildConfiguration;
			buildSettings = {
				ASSETCATALOG_COMPILER_APPICON_NAME = AppIcon;
				INFOPLIST_FILE = "Color Clock/Info.plist";
				LD_RUNPATH_SEARCH_PATHS = "$(inherited) @executable_path/Frameworks";
				PRODUCT_NAME = "$(TARGET_NAME)";
			};
			name = Debug;
		};
		668CA6C21B2E95CD0017A10B /* Release */ = {
			isa = XCBuildConfiguration;
			buildSettings = {
				ASSETCATALOG_COMPILER_APPICON_NAME = AppIcon;
				INFOPLIST_FILE = "Color Clock/Info.plist";
				LD_RUNPATH_SEARCH_PATHS = "$(inherited) @executable_path/Frameworks";
				PRODUCT_NAME = "$(TARGET_NAME)";
			};
			name = Release;
		};
		668CA6C41B2E95CD0017A10B /* Debug */ = {
			isa = XCBuildConfiguration;
			buildSettings = {
				BUNDLE_LOADER = "$(TEST_HOST)";
				FRAMEWORK_SEARCH_PATHS = (
					"$(SDKROOT)/Developer/Library/Frameworks",
					"$(inherited)",
				);
				GCC_PREPROCESSOR_DEFINITIONS = (
					"DEBUG=1",
					"$(inherited)",
				);
				INFOPLIST_FILE = "Color ClockTests/Info.plist";
				LD_RUNPATH_SEARCH_PATHS = "$(inherited) @executable_path/Frameworks @loader_path/Frameworks";
				PRODUCT_NAME = "$(TARGET_NAME)";
				TEST_HOST = "$(BUILT_PRODUCTS_DIR)/Color Clock.app/Color Clock";
			};
			name = Debug;
		};
		668CA6C51B2E95CD0017A10B /* Release */ = {
			isa = XCBuildConfiguration;
			buildSettings = {
				BUNDLE_LOADER = "$(TEST_HOST)";
				FRAMEWORK_SEARCH_PATHS = (
					"$(SDKROOT)/Developer/Library/Frameworks",
					"$(inherited)",
				);
				INFOPLIST_FILE = "Color ClockTests/Info.plist";
				LD_RUNPATH_SEARCH_PATHS = "$(inherited) @executable_path/Frameworks @loader_path/Frameworks";
				PRODUCT_NAME = "$(TARGET_NAME)";
				TEST_HOST = "$(BUILT_PRODUCTS_DIR)/Color Clock.app/Color Clock";
			};
			name = Release;
		};
/* End XCBuildConfiguration section */

/* Begin XCConfigurationList section */
		668CA6981B2E95CD0017A10B /* Build configuration list for PBXProject "Color Clock" */ = {
			isa = XCConfigurationList;
			buildConfigurations = (
				668CA6BE1B2E95CD0017A10B /* Debug */,
				668CA6BF1B2E95CD0017A10B /* Release */,
			);
			defaultConfigurationIsVisible = 0;
			defaultConfigurationName = Release;
		};
		668CA6C01B2E95CD0017A10B /* Build configuration list for PBXNativeTarget "Color Clock" */ = {
			isa = XCConfigurationList;
			buildConfigurations = (
				668CA6C11B2E95CD0017A10B /* Debug */,
				668CA6C21B2E95CD0017A10B /* Release */,
			);
			defaultConfigurationIsVisible = 0;
		};
		668CA6C31B2E95CD0017A10B /* Build configuration list for PBXNativeTarget "Color ClockTests" */ = {
			isa = XCConfigurationList;
			buildConfigurations = (
				668CA6C41B2E95CD0017A10B /* Debug */,
				668CA6C51B2E95CD0017A10B /* Release */,
			);
			defaultConfigurationIsVisible = 0;
		};
/* End XCConfigurationList section */
	};
	rootObject = 668CA6951B2E95CD0017A10B /* Project object */;
}
